
Microsoft Visual Studio Solution File, Format Version 12.00
# Visual Studio 15
VisualStudioVersion = 15.0.28307.1082
MinimumVisualStudioVersion = 10.0.40219.1
Project("{FAE04EC0-301F-11D3-BF4B-00C04F79EFBC}") = "Beerlope", "Beerlope.csproj", "{9C6EFAD6-4D20-41EF-9AA0-5B038AD7B227}"
EndProject
Global
	GlobalSection(SolutionConfigurationPlatforms) = preSolution
		Debug|Any CPU = Debug|Any CPU
		Release|Any CPU = Release|Any CPU
	EndGlobalSection
	GlobalSection(ProjectConfigurationPlatforms) = postSolution
		{9C6EFAD6-4D20-41EF-9AA0-5B038AD7B227}.Debug|Any CPU.ActiveCfg = Debug|Any CPU
		{9C6EFAD6-4D20-41EF-9AA0-5B038AD7B227}.Debug|Any CPU.Build.0 = Debug|Any CPU
		{9C6EFAD6-4D20-41EF-9AA0-5B038AD7B227}.Release|Any CPU.ActiveCfg = Release|Any CPU
		{9C6EFAD6-4D20-41EF-9AA0-5B038AD7B227}.Release|Any CPU.Build.0 = Release|Any CPU
	EndGlobalSection
	GlobalSection(SolutionProperties) = preSolution
		HideSolutionNode = FALSE
	EndGlobalSection
	GlobalSection(ExtensibilityGlobals) = postSolution
		SolutionGuid = {9CC686B3-E17A-41B3-B4D3-5542D441D8FA}
	EndGlobalSection
EndGlobal
